
Microsoft Visual Studio Solution File, Format Version 12.00
# Visual Studio 15
VisualStudioVersion = 15.0.27703.2026
MinimumVisualStudioVersion = 10.0.40219.1
Project("{2150E333-8FDC-42A3-9474-1A3956D46DE8}") = "1 - Services", "1 - Services", "{A01C2D75-C32A-4483-A5A8-4A950B563C64}"
EndProject
Project("{9A19103F-16F7-4668-BE54-9A1E7A4F7556}") = "WebApi", "Services\WebApi\WebApi.csproj", "{C83C057C-20CC-4D8C-BD78-C5C04485D275}"
EndProject
Project("{2150E333-8FDC-42A3-9474-1A3956D46DE8}") = "2 - Application", "2 - Application", "{CF8F4A8A-1F8B-43B3-A795-3EE0BFE72B58}"
EndProject
Project("{2150E333-8FDC-42A3-9474-1A3956D46DE8}") = "3 - Domain", "3 - Domain", "{759F04E2-CDCB-41FF-83D9-876278A022BF}"
EndProject
Project("{2150E333-8FDC-42A3-9474-1A3956D46DE8}") = "4 - Infrastructure", "4 - Infrastructure", "{1E395BA9-62C2-4D08-B4C5-55FABAFFAB11}"
EndProject
Project("{9A19103F-16F7-4668-BE54-9A1E7A4F7556}") = "Application.Messages", "Application\Application.Messages\Application.Messages.csproj", "{F38A6E12-1286-4E52-ADCD-51118D1F48F0}"
EndProject
Project("{9A19103F-16F7-4668-BE54-9A1E7A4F7556}") = "Application.Services", "Application\Application.Services\Application.Services.csproj", "{85C843D0-1464-4993-AD1C-20D91821D4A8}"
EndProject
Project("{9A19103F-16F7-4668-BE54-9A1E7A4F7556}") = "Application.Mappers", "Application\Application.Mappers\Application.Mappers.csproj", "{9364BF64-7228-451C-8C06-C5FDD82EDD7F}"
EndProject
Project("{9A19103F-16F7-4668-BE54-9A1E7A4F7556}") = "Domain.Models", "Domain\Domain.Models\Domain.Models.csproj", "{FF68C5A7-C441-415E-99C4-61121896C183}"
EndProject
Project("{9A19103F-16F7-4668-BE54-9A1E7A4F7556}") = "Infrastructure.Data", "Infrastructure\Infrastructure.Data\Infrastructure.Data.csproj", "{963B76A2-6D80-44B2-8D95-978BC1661D6C}"
EndProject
Project("{9A19103F-16F7-4668-BE54-9A1E7A4F7556}") = "Infrastructure.CrossCutting", "Infrastructure\Infrastructure.CrossCutting\Infrastructure.CrossCutting.csproj", "{6C63BBBE-B92E-4E5F-9528-B9AA137FE3D6}"
EndProject
Project("{FAE04EC0-301F-11D3-BF4B-00C04F79EFBC}") = "Domain.Services", "Domain.Services\Domain.Services.csproj", "{58464F03-1190-47B6-A031-6E7595BE53AE}"
EndProject
Global
	GlobalSection(SolutionConfigurationPlatforms) = preSolution
		Debug|Any CPU = Debug|Any CPU
		Release|Any CPU = Release|Any CPU
	EndGlobalSection
	GlobalSection(ProjectConfigurationPlatforms) = postSolution
		{C83C057C-20CC-4D8C-BD78-C5C04485D275}.Debug|Any CPU.ActiveCfg = Debug|Any CPU
		{C83C057C-20CC-4D8C-BD78-C5C04485D275}.Debug|Any CPU.Build.0 = Debug|Any CPU
		{C83C057C-20CC-4D8C-BD78-C5C04485D275}.Release|Any CPU.ActiveCfg = Release|Any CPU
		{C83C057C-20CC-4D8C-BD78-C5C04485D275}.Release|Any CPU.Build.0 = Release|Any CPU
		{F38A6E12-1286-4E52-ADCD-51118D1F48F0}.Debug|Any CPU.ActiveCfg = Debug|Any CPU
		{F38A6E12-1286-4E52-ADCD-51118D1F48F0}.Debug|Any CPU.Build.0 = Debug|Any CPU
		{F38A6E12-1286-4E52-ADCD-51118D1F48F0}.Release|Any CPU.ActiveCfg = Release|Any CPU
		{F38A6E12-1286-4E52-ADCD-51118D1F48F0}.Release|Any CPU.Build.0 = Release|Any CPU
		{85C843D0-1464-4993-AD1C-20D91821D4A8}.Debug|Any CPU.ActiveCfg = Debug|Any CPU
		{85C843D0-1464-4993-AD1C-20D91821D4A8}.Debug|Any CPU.Build.0 = Debug|Any CPU
		{85C843D0-1464-4993-AD1C-20D91821D4A8}.Release|Any CPU.ActiveCfg = Release|Any CPU
		{85C843D0-1464-4993-AD1C-20D91821D4A8}.Release|Any CPU.Build.0 = Release|Any CPU
		{9364BF64-7228-451C-8C06-C5FDD82EDD7F}.Debug|Any CPU.ActiveCfg = Debug|Any CPU
		{9364BF64-7228-451C-8C06-C5FDD82EDD7F}.Debug|Any CPU.Build.0 = Debug|Any CPU
		{9364BF64-7228-451C-8C06-C5FDD82EDD7F}.Release|Any CPU.ActiveCfg = Release|Any CPU
		{9364BF64-7228-451C-8C06-C5FDD82EDD7F}.Release|Any CPU.Build.0 = Release|Any CPU
		{FF68C5A7-C441-415E-99C4-61121896C183}.Debug|Any CPU.ActiveCfg = Debug|Any CPU
		{FF68C5A7-C441-415E-99C4-61121896C183}.Debug|Any CPU.Build.0 = Debug|Any CPU
		{FF68C5A7-C441-415E-99C4-61121896C183}.Release|Any CPU.ActiveCfg = Release|Any CPU
		{FF68C5A7-C441-415E-99C4-61121896C183}.Release|Any CPU.Build.0 = Release|Any CPU
		{963B76A2-6D80-44B2-8D95-978BC1661D6C}.Debug|Any CPU.ActiveCfg = Debug|Any CPU
		{963B76A2-6D80-44B2-8D95-978BC1661D6C}.Debug|Any CPU.Build.0 = Debug|Any CPU
		{963B76A2-6D80-44B2-8D95-978BC1661D6C}.Release|Any CPU.ActiveCfg = Release|Any CPU
		{963B76A2-6D80-44B2-8D95-978BC1661D6C}.Release|Any CPU.Build.0 = Release|Any CPU
		{6C63BBBE-B92E-4E5F-9528-B9AA137FE3D6}.Debug|Any CPU.ActiveCfg = Debug|Any CPU
		{6C63BBBE-B92E-4E5F-9528-B9AA137FE3D6}.Debug|Any CPU.Build.0 = Debug|Any CPU
		{6C63BBBE-B92E-4E5F-9528-B9AA137FE3D6}.Release|Any CPU.ActiveCfg = Release|Any CPU
		{6C63BBBE-B92E-4E5F-9528-B9AA137FE3D6}.Release|Any CPU.Build.0 = Release|Any CPU
		{58464F03-1190-47B6-A031-6E7595BE53AE}.Debug|Any CPU.ActiveCfg = Debug|Any CPU
		{58464F03-1190-47B6-A031-6E7595BE53AE}.Debug|Any CPU.Build.0 = Debug|Any CPU
		{58464F03-1190-47B6-A031-6E7595BE53AE}.Release|Any CPU.ActiveCfg = Release|Any CPU
		{58464F03-1190-47B6-A031-6E7595BE53AE}.Release|Any CPU.Build.0 = Release|Any CPU
	EndGlobalSection
	GlobalSection(SolutionProperties) = preSolution
		HideSolutionNode = FALSE
	EndGlobalSection
	GlobalSection(NestedProjects) = preSolution
		{C83C057C-20CC-4D8C-BD78-C5C04485D275} = {A01C2D75-C32A-4483-A5A8-4A950B563C64}
		{F38A6E12-1286-4E52-ADCD-51118D1F48F0} = {CF8F4A8A-1F8B-43B3-A795-3EE0BFE72B58}
		{85C843D0-1464-4993-AD1C-20D91821D4A8} = {CF8F4A8A-1F8B-43B3-A795-3EE0BFE72B58}
		{9364BF64-7228-451C-8C06-C5FDD82EDD7F} = {CF8F4A8A-1F8B-43B3-A795-3EE0BFE72B58}
		{FF68C5A7-C441-415E-99C4-61121896C183} = {759F04E2-CDCB-41FF-83D9-876278A022BF}
		{963B76A2-6D80-44B2-8D95-978BC1661D6C} = {1E395BA9-62C2-4D08-B4C5-55FABAFFAB11}
		{6C63BBBE-B92E-4E5F-9528-B9AA137FE3D6} = {1E395BA9-62C2-4D08-B4C5-55FABAFFAB11}
		{58464F03-1190-47B6-A031-6E7595BE53AE} = {759F04E2-CDCB-41FF-83D9-876278A022BF}
	EndGlobalSection
	GlobalSection(ExtensibilityGlobals) = postSolution
		SolutionGuid = {62646DF5-0ECE-4346-8464-CF3F5FE2A9C0}
	EndGlobalSection
EndGlobal
