
Microsoft Visual Studio Solution File, Format Version 12.00
# Visual Studio 15
VisualStudioVersion = 15.0.27703.2026
MinimumVisualStudioVersion = 10.0.40219.1
Project("{2150E333-8FDC-42A3-9474-1A3956D46DE8}") = "1 - services", "1 - services", "{A01C2D75-C32A-4483-A5A8-4A950B563C64}"
EndProject
Project("{9A19103F-16F7-4668-BE54-9A1E7A4F7556}") = "WebApi", "Services\WebApi\WebApi.csproj", "{C83C057C-20CC-4D8C-BD78-C5C04485D275}"
EndProject
Project("{2150E333-8FDC-42A3-9474-1A3956D46DE8}") = "2 - application", "2 - application", "{CF8F4A8A-1F8B-43B3-A795-3EE0BFE72B58}"
EndProject
Project("{FAE04EC0-301F-11D3-BF4B-00C04F79EFBC}") = "Application", "Application\Application\Application.csproj", "{3C58B3FC-4A0B-4678-8040-3DAFB5C19C4E}"
EndProject
Project("{2150E333-8FDC-42A3-9474-1A3956D46DE8}") = "3 - domain", "3 - domain", "{759F04E2-CDCB-41FF-83D9-876278A022BF}"
EndProject
Project("{FAE04EC0-301F-11D3-BF4B-00C04F79EFBC}") = "domain", "Domain\domain\domain.csproj", "{3F820356-4A1D-4993-A97F-9F96B3D3654C}"
EndProject
Project("{2150E333-8FDC-42A3-9474-1A3956D46DE8}") = "4 - infrastructure", "4 - infrastructure", "{1E395BA9-62C2-4D08-B4C5-55FABAFFAB11}"
EndProject
Project("{FAE04EC0-301F-11D3-BF4B-00C04F79EFBC}") = "Infrastructure", "Infrastructure\Infrastructure\Infrastructure.csproj", "{9644A355-84ED-437D-B851-42648EA06D00}"
EndProject
Global
	GlobalSection(SolutionConfigurationPlatforms) = preSolution
		Debug|Any CPU = Debug|Any CPU
		Release|Any CPU = Release|Any CPU
	EndGlobalSection
	GlobalSection(ProjectConfigurationPlatforms) = postSolution
		{C83C057C-20CC-4D8C-BD78-C5C04485D275}.Debug|Any CPU.ActiveCfg = Debug|Any CPU
		{C83C057C-20CC-4D8C-BD78-C5C04485D275}.Debug|Any CPU.Build.0 = Debug|Any CPU
		{C83C057C-20CC-4D8C-BD78-C5C04485D275}.Release|Any CPU.ActiveCfg = Release|Any CPU
		{C83C057C-20CC-4D8C-BD78-C5C04485D275}.Release|Any CPU.Build.0 = Release|Any CPU
		{3C58B3FC-4A0B-4678-8040-3DAFB5C19C4E}.Debug|Any CPU.ActiveCfg = Debug|Any CPU
		{3C58B3FC-4A0B-4678-8040-3DAFB5C19C4E}.Debug|Any CPU.Build.0 = Debug|Any CPU
		{3C58B3FC-4A0B-4678-8040-3DAFB5C19C4E}.Release|Any CPU.ActiveCfg = Release|Any CPU
		{3C58B3FC-4A0B-4678-8040-3DAFB5C19C4E}.Release|Any CPU.Build.0 = Release|Any CPU
		{3F820356-4A1D-4993-A97F-9F96B3D3654C}.Debug|Any CPU.ActiveCfg = Debug|Any CPU
		{3F820356-4A1D-4993-A97F-9F96B3D3654C}.Debug|Any CPU.Build.0 = Debug|Any CPU
		{3F820356-4A1D-4993-A97F-9F96B3D3654C}.Release|Any CPU.ActiveCfg = Release|Any CPU
		{3F820356-4A1D-4993-A97F-9F96B3D3654C}.Release|Any CPU.Build.0 = Release|Any CPU
		{9644A355-84ED-437D-B851-42648EA06D00}.Debug|Any CPU.ActiveCfg = Debug|Any CPU
		{9644A355-84ED-437D-B851-42648EA06D00}.Debug|Any CPU.Build.0 = Debug|Any CPU
		{9644A355-84ED-437D-B851-42648EA06D00}.Release|Any CPU.ActiveCfg = Release|Any CPU
		{9644A355-84ED-437D-B851-42648EA06D00}.Release|Any CPU.Build.0 = Release|Any CPU
	EndGlobalSection
	GlobalSection(SolutionProperties) = preSolution
		HideSolutionNode = FALSE
	EndGlobalSection
	GlobalSection(NestedProjects) = preSolution
		{C83C057C-20CC-4D8C-BD78-C5C04485D275} = {A01C2D75-C32A-4483-A5A8-4A950B563C64}
		{3C58B3FC-4A0B-4678-8040-3DAFB5C19C4E} = {CF8F4A8A-1F8B-43B3-A795-3EE0BFE72B58}
		{3F820356-4A1D-4993-A97F-9F96B3D3654C} = {759F04E2-CDCB-41FF-83D9-876278A022BF}
		{9644A355-84ED-437D-B851-42648EA06D00} = {1E395BA9-62C2-4D08-B4C5-55FABAFFAB11}
	EndGlobalSection
	GlobalSection(ExtensibilityGlobals) = postSolution
		SolutionGuid = {62646DF5-0ECE-4346-8464-CF3F5FE2A9C0}
	EndGlobalSection
EndGlobal
